
Microsoft Visual Studio Solution File, Format Version 12.00
# Visual Studio 15
VisualStudioVersion = 15.0.27004.2010
MinimumVisualStudioVersion = 10.0.40219.1
Project("{FAE04EC0-301F-11D3-BF4B-00C04F79EFBC}") = "SoftwareTest", "SoftwareTest\SoftwareTest.csproj", "{DDE68192-32DB-4BF3-8C15-E00790220968}"
EndProject
Project("{FAE04EC0-301F-11D3-BF4B-00C04F79EFBC}") = "SoftwareTest.Test", "SoftwareTest.Test\SoftwareTest.Test.csproj", "{424D5D84-C4F2-4A87-8C0E-AFF865752CB7}"
EndProject
Global
	GlobalSection(SolutionConfigurationPlatforms) = preSolution
		Debug|Any CPU = Debug|Any CPU
		Release|Any CPU = Release|Any CPU
	EndGlobalSection
	GlobalSection(ProjectConfigurationPlatforms) = postSolution
		{DDE68192-32DB-4BF3-8C15-E00790220968}.Debug|Any CPU.ActiveCfg = Debug|Any CPU
		{DDE68192-32DB-4BF3-8C15-E00790220968}.Debug|Any CPU.Build.0 = Debug|Any CPU
		{DDE68192-32DB-4BF3-8C15-E00790220968}.Release|Any CPU.ActiveCfg = Release|Any CPU
		{DDE68192-32DB-4BF3-8C15-E00790220968}.Release|Any CPU.Build.0 = Release|Any CPU
		{424D5D84-C4F2-4A87-8C0E-AFF865752CB7}.Debug|Any CPU.ActiveCfg = Debug|Any CPU
		{424D5D84-C4F2-4A87-8C0E-AFF865752CB7}.Debug|Any CPU.Build.0 = Debug|Any CPU
		{424D5D84-C4F2-4A87-8C0E-AFF865752CB7}.Release|Any CPU.ActiveCfg = Release|Any CPU
		{424D5D84-C4F2-4A87-8C0E-AFF865752CB7}.Release|Any CPU.Build.0 = Release|Any CPU
	EndGlobalSection
	GlobalSection(SolutionProperties) = preSolution
		HideSolutionNode = FALSE
	EndGlobalSection
	GlobalSection(ExtensibilityGlobals) = postSolution
		SolutionGuid = {84C9B61A-AF68-4317-9A05-525CAC9CF82D}
	EndGlobalSection
EndGlobal
